
Microsoft Visual Studio Solution File, Format Version 11.00
# Visual Studio 2010
Project("{FAE04EC0-301F-11D3-BF4B-00C04F79EFBC}") = "Prototyping", "Assembly-CSharp.csproj", "{B537D81D-F4AA-CC77-54A8-8B757A7991DC}"
EndProject
Project("{FAE04EC0-301F-11D3-BF4B-00C04F79EFBC}") = "Prototyping", "Assembly-CSharp-firstpass.csproj", "{D923EC1F-D28D-88AD-75DD-68A317372595}"
EndProject
Project("{FAE04EC0-301F-11D3-BF4B-00C04F79EFBC}") = "Prototyping", "Assembly-CSharp-Editor.csproj", "{C391C0AD-A40B-DF6F-88D3-69D94365F09E}"
EndProject
Project("{FAE04EC0-301F-11D3-BF4B-00C04F79EFBC}") = "Prototyping", "Assembly-CSharp-Editor-firstpass.csproj", "{F221497A-320F-B36B-6267-DFE1B55C6FA6}"
EndProject
Global
	GlobalSection(SolutionConfigurationPlatforms) = preSolution
		Debug|Any CPU = Debug|Any CPU
		Release|Any CPU = Release|Any CPU
	EndGlobalSection
	GlobalSection(ProjectConfigurationPlatforms) = postSolution
		{B537D81D-F4AA-CC77-54A8-8B757A7991DC}.Debug|Any CPU.ActiveCfg = Debug|Any CPU
		{B537D81D-F4AA-CC77-54A8-8B757A7991DC}.Debug|Any CPU.Build.0 = Debug|Any CPU
		{B537D81D-F4AA-CC77-54A8-8B757A7991DC}.Release|Any CPU.ActiveCfg = Release|Any CPU
		{B537D81D-F4AA-CC77-54A8-8B757A7991DC}.Release|Any CPU.Build.0 = Release|Any CPU
		{D923EC1F-D28D-88AD-75DD-68A317372595}.Debug|Any CPU.ActiveCfg = Debug|Any CPU
		{D923EC1F-D28D-88AD-75DD-68A317372595}.Debug|Any CPU.Build.0 = Debug|Any CPU
		{D923EC1F-D28D-88AD-75DD-68A317372595}.Release|Any CPU.ActiveCfg = Release|Any CPU
		{D923EC1F-D28D-88AD-75DD-68A317372595}.Release|Any CPU.Build.0 = Release|Any CPU
		{C391C0AD-A40B-DF6F-88D3-69D94365F09E}.Debug|Any CPU.ActiveCfg = Debug|Any CPU
		{C391C0AD-A40B-DF6F-88D3-69D94365F09E}.Debug|Any CPU.Build.0 = Debug|Any CPU
		{C391C0AD-A40B-DF6F-88D3-69D94365F09E}.Release|Any CPU.ActiveCfg = Release|Any CPU
		{C391C0AD-A40B-DF6F-88D3-69D94365F09E}.Release|Any CPU.Build.0 = Release|Any CPU
		{F221497A-320F-B36B-6267-DFE1B55C6FA6}.Debug|Any CPU.ActiveCfg = Debug|Any CPU
		{F221497A-320F-B36B-6267-DFE1B55C6FA6}.Debug|Any CPU.Build.0 = Debug|Any CPU
		{F221497A-320F-B36B-6267-DFE1B55C6FA6}.Release|Any CPU.ActiveCfg = Release|Any CPU
		{F221497A-320F-B36B-6267-DFE1B55C6FA6}.Release|Any CPU.Build.0 = Release|Any CPU
	EndGlobalSection
	GlobalSection(SolutionProperties) = preSolution
		HideSolutionNode = FALSE
	EndGlobalSection
	GlobalSection(MonoDevelopProperties) = preSolution
		StartupItem = Assembly-CSharp.csproj
	EndGlobalSection
EndGlobal
